
Microsoft Visual Studio Solution File, Format Version 12.00
# Visual Studio Version 16
VisualStudioVersion = 16.0.31410.357
MinimumVisualStudioVersion = 10.0.40219.1
Project("{D954291E-2A0B-460D-934E-DC6B0785DB48}") = "POSUNO.Shared", "POSUNO\POSUNO.Shared\POSUNO.Shared.shproj", "{6279C845-92F8-4333-AB99-3D213163593C}"
EndProject
Project("{2150E333-8FDC-42A3-9474-1A3956D46DE8}") = "Platforms", "Platforms", "{777235FF-073F-4FA9-B010-1CDF0F2AA159}"
EndProject
Project("{FAE04EC0-301F-11D3-BF4B-00C04F79EFBC}") = "POSUNO.Droid", "POSUNO\POSUNO.Droid\POSUNO.Droid.csproj", "{BF87E013-3080-46C3-A089-79159ECAFF63}"
EndProject
Project("{FAE04EC0-301F-11D3-BF4B-00C04F79EFBC}") = "POSUNO.iOS", "POSUNO\POSUNO.iOS\POSUNO.iOS.csproj", "{C7B06045-F68C-447C-98C8-80F6F45B6315}"
EndProject
Project("{FAE04EC0-301F-11D3-BF4B-00C04F79EFBC}") = "POSUNO.UWP", "POSUNO\POSUNO.UWP\POSUNO.UWP.csproj", "{9A3D0CC2-C6E0-455A-841C-62E82F1DA388}"
EndProject
Project("{9A19103F-16F7-4668-BE54-9A1E7A4F7556}") = "POSUNO.Wasm", "POSUNO\POSUNO.Wasm\POSUNO.Wasm.csproj", "{F4CE730B-0C19-4970-A0E8-7AC992CB423C}"
EndProject
Project("{FAE04EC0-301F-11D3-BF4B-00C04F79EFBC}") = "POSUNO.macOS", "POSUNO\POSUNO.macOS\POSUNO.macOS.csproj", "{3773B66F-5BD1-4D0F-966C-12ACDBD916BB}"
EndProject
Project("{9A19103F-16F7-4668-BE54-9A1E7A4F7556}") = "POSUNO.Skia.Wpf.Host", "POSUNO\POSUNO.Skia.Wpf.Host\POSUNO.Skia.Wpf.Host.csproj", "{A4C74228-A7FF-4829-9045-66E9E6136DB9}"
EndProject
Project("{9A19103F-16F7-4668-BE54-9A1E7A4F7556}") = "POSUNO.Skia.Wpf", "POSUNO\POSUNO.Skia.Wpf\POSUNO.Skia.Wpf.csproj", "{8F43E589-272C-4971-937D-A861230B39D5}"
EndProject
Project("{9A19103F-16F7-4668-BE54-9A1E7A4F7556}") = "POSUNO.Skia.Gtk", "POSUNO\POSUNO.Skia.Gtk\POSUNO.Skia.Gtk.csproj", "{A3FB8A41-B534-4BF8-875F-3E961892B57F}"
EndProject
Project("{9A19103F-16F7-4668-BE54-9A1E7A4F7556}") = "POSUNO.Skia.Tizen", "POSUNO\POSUNO.Skia.Tizen\POSUNO.Skia.Tizen.csproj", "{A7F05505-44E0-46E7-939D-6EEEAE46CC5C}"
EndProject
Project("{FAE04EC0-301F-11D3-BF4B-00C04F79EFBC}") = "POSUNO.Api", "..\POSUNO.Api\POSUNO.Api.csproj", "{A9A28B3A-69FA-4E4E-AE27-BA2AC5D69496}"
EndProject
Global
	GlobalSection(SharedMSBuildProjectFiles) = preSolution
		POSUNO\POSUNO.Shared\POSUNO.Shared.projitems*{3773b66f-5bd1-4d0f-966c-12acdbd916bb}*SharedItemsImports = 4
		POSUNO\POSUNO.Shared\POSUNO.Shared.projitems*{6279c845-92f8-4333-ab99-3d213163593c}*SharedItemsImports = 13
		POSUNO\POSUNO.Shared\POSUNO.Shared.projitems*{8f43e589-272c-4971-937d-a861230b39d5}*SharedItemsImports = 5
		POSUNO\POSUNO.Shared\POSUNO.Shared.projitems*{9a3d0cc2-c6e0-455a-841c-62e82f1da388}*SharedItemsImports = 4
		POSUNO\POSUNO.Shared\POSUNO.Shared.projitems*{a3fb8a41-b534-4bf8-875f-3e961892b57f}*SharedItemsImports = 5
		POSUNO\POSUNO.Shared\POSUNO.Shared.projitems*{a7f05505-44e0-46e7-939d-6eeeae46cc5c}*SharedItemsImports = 5
		POSUNO\POSUNO.Shared\POSUNO.Shared.projitems*{bf87e013-3080-46c3-a089-79159ecaff63}*SharedItemsImports = 4
		POSUNO\POSUNO.Shared\POSUNO.Shared.projitems*{c7b06045-f68c-447c-98c8-80f6f45b6315}*SharedItemsImports = 4
		POSUNO\POSUNO.Shared\POSUNO.Shared.projitems*{f4ce730b-0c19-4970-a0e8-7ac992cb423c}*SharedItemsImports = 5
	EndGlobalSection
	GlobalSection(SolutionConfigurationPlatforms) = preSolution
		Ad-Hoc|Any CPU = Ad-Hoc|Any CPU
		Ad-Hoc|ARM = Ad-Hoc|ARM
		Ad-Hoc|ARM64 = Ad-Hoc|ARM64
		Ad-Hoc|iPhone = Ad-Hoc|iPhone
		Ad-Hoc|iPhoneSimulator = Ad-Hoc|iPhoneSimulator
		Ad-Hoc|x64 = Ad-Hoc|x64
		Ad-Hoc|x86 = Ad-Hoc|x86
		AppStore|Any CPU = AppStore|Any CPU
		AppStore|ARM = AppStore|ARM
		AppStore|ARM64 = AppStore|ARM64
		AppStore|iPhone = AppStore|iPhone
		AppStore|iPhoneSimulator = AppStore|iPhoneSimulator
		AppStore|x64 = AppStore|x64
		AppStore|x86 = AppStore|x86
		Debug|Any CPU = Debug|Any CPU
		Debug|ARM = Debug|ARM
		Debug|ARM64 = Debug|ARM64
		Debug|iPhone = Debug|iPhone
		Debug|iPhoneSimulator = Debug|iPhoneSimulator
		Debug|x64 = Debug|x64
		Debug|x86 = Debug|x86
		Release|Any CPU = Release|Any CPU
		Release|ARM = Release|ARM
		Release|ARM64 = Release|ARM64
		Release|iPhone = Release|iPhone
		Release|iPhoneSimulator = Release|iPhoneSimulator
		Release|x64 = Release|x64
		Release|x86 = Release|x86
	EndGlobalSection
	GlobalSection(ProjectConfigurationPlatforms) = postSolution
		{BF87E013-3080-46C3-A089-79159ECAFF63}.Ad-Hoc|Any CPU.ActiveCfg = Debug|Any CPU
		{BF87E013-3080-46C3-A089-79159ECAFF63}.Ad-Hoc|Any CPU.Build.0 = Debug|Any CPU
		{BF87E013-3080-46C3-A089-79159ECAFF63}.Ad-Hoc|Any CPU.Deploy.0 = Debug|Any CPU
		{BF87E013-3080-46C3-A089-79159ECAFF63}.Ad-Hoc|ARM.ActiveCfg = Debug|Any CPU
		{BF87E013-3080-46C3-A089-79159ECAFF63}.Ad-Hoc|ARM.Build.0 = Debug|Any CPU
		{BF87E013-3080-46C3-A089-79159ECAFF63}.Ad-Hoc|ARM.Deploy.0 = Debug|Any CPU
		{BF87E013-3080-46C3-A089-79159ECAFF63}.Ad-Hoc|ARM64.ActiveCfg = Debug|Any CPU
		{BF87E013-3080-46C3-A089-79159ECAFF63}.Ad-Hoc|ARM64.Build.0 = Debug|Any CPU
		{BF87E013-3080-46C3-A089-79159ECAFF63}.Ad-Hoc|ARM64.Deploy.0 = Debug|Any CPU
		{BF87E013-3080-46C3-A089-79159ECAFF63}.Ad-Hoc|iPhone.ActiveCfg = Debug|Any CPU
		{BF87E013-3080-46C3-A089-79159ECAFF63}.Ad-Hoc|iPhone.Build.0 = Debug|Any CPU
		{BF87E013-3080-46C3-A089-79159ECAFF63}.Ad-Hoc|iPhone.Deploy.0 = Debug|Any CPU
		{BF87E013-3080-46C3-A089-79159ECAFF63}.Ad-Hoc|iPhoneSimulator.ActiveCfg = Debug|Any CPU
		{BF87E013-3080-46C3-A089-79159ECAFF63}.Ad-Hoc|iPhoneSimulator.Build.0 = Debug|Any CPU
		{BF87E013-3080-46C3-A089-79159ECAFF63}.Ad-Hoc|iPhoneSimulator.Deploy.0 = Debug|Any CPU
		{BF87E013-3080-46C3-A089-79159ECAFF63}.Ad-Hoc|x64.ActiveCfg = Debug|Any CPU
		{BF87E013-3080-46C3-A089-79159ECAFF63}.Ad-Hoc|x64.Build.0 = Debug|Any CPU
		{BF87E013-3080-46C3-A089-79159ECAFF63}.Ad-Hoc|x64.Deploy.0 = Debug|Any CPU
		{BF87E013-3080-46C3-A089-79159ECAFF63}.Ad-Hoc|x86.ActiveCfg = Debug|Any CPU
		{BF87E013-3080-46C3-A089-79159ECAFF63}.Ad-Hoc|x86.Build.0 = Debug|Any CPU
		{BF87E013-3080-46C3-A089-79159ECAFF63}.Ad-Hoc|x86.Deploy.0 = Debug|Any CPU
		{BF87E013-3080-46C3-A089-79159ECAFF63}.AppStore|Any CPU.ActiveCfg = Debug|Any CPU
		{BF87E013-3080-46C3-A089-79159ECAFF63}.AppStore|Any CPU.Build.0 = Debug|Any CPU
		{BF87E013-3080-46C3-A089-79159ECAFF63}.AppStore|Any CPU.Deploy.0 = Debug|Any CPU
		{BF87E013-3080-46C3-A089-79159ECAFF63}.AppStore|ARM.ActiveCfg = Debug|Any CPU
		{BF87E013-3080-46C3-A089-79159ECAFF63}.AppStore|ARM.Build.0 = Debug|Any CPU
		{BF87E013-3080-46C3-A089-79159ECAFF63}.AppStore|ARM.Deploy.0 = Debug|Any CPU
		{BF87E013-3080-46C3-A089-79159ECAFF63}.AppStore|ARM64.ActiveCfg = Debug|Any CPU
		{BF87E013-3080-46C3-A089-79159ECAFF63}.AppStore|ARM64.Build.0 = Debug|Any CPU
		{BF87E013-3080-46C3-A089-79159ECAFF63}.AppStore|ARM64.Deploy.0 = Debug|Any CPU
		{BF87E013-3080-46C3-A089-79159ECAFF63}.AppStore|iPhone.ActiveCfg = Debug|Any CPU
		{BF87E013-3080-46C3-A089-79159ECAFF63}.AppStore|iPhone.Build.0 = Debug|Any CPU
		{BF87E013-3080-46C3-A089-79159ECAFF63}.AppStore|iPhone.Deploy.0 = Debug|Any CPU
		{BF87E013-3080-46C3-A089-79159ECAFF63}.AppStore|iPhoneSimulator.ActiveCfg = Debug|Any CPU
		{BF87E013-3080-46C3-A089-79159ECAFF63}.AppStore|iPhoneSimulator.Build.0 = Debug|Any CPU
		{BF87E013-3080-46C3-A089-79159ECAFF63}.AppStore|iPhoneSimulator.Deploy.0 = Debug|Any CPU
		{BF87E013-3080-46C3-A089-79159ECAFF63}.AppStore|x64.ActiveCfg = Debug|Any CPU
		{BF87E013-3080-46C3-A089-79159ECAFF63}.AppStore|x64.Build.0 = Debug|Any CPU
		{BF87E013-3080-46C3-A089-79159ECAFF63}.AppStore|x64.Deploy.0 = Debug|Any CPU
		{BF87E013-3080-46C3-A089-79159ECAFF63}.AppStore|x86.ActiveCfg = Debug|Any CPU
		{BF87E013-3080-46C3-A089-79159ECAFF63}.AppStore|x86.Build.0 = Debug|Any CPU
		{BF87E013-3080-46C3-A089-79159ECAFF63}.AppStore|x86.Deploy.0 = Debug|Any CPU
		{BF87E013-3080-46C3-A089-79159ECAFF63}.Debug|Any CPU.ActiveCfg = Debug|Any CPU
		{BF87E013-3080-46C3-A089-79159ECAFF63}.Debug|Any CPU.Build.0 = Debug|Any CPU
		{BF87E013-3080-46C3-A089-79159ECAFF63}.Debug|Any CPU.Deploy.0 = Debug|Any CPU
		{BF87E013-3080-46C3-A089-79159ECAFF63}.Debug|ARM.ActiveCfg = Debug|Any CPU
		{BF87E013-3080-46C3-A089-79159ECAFF63}.Debug|ARM.Build.0 = Debug|Any CPU
		{BF87E013-3080-46C3-A089-79159ECAFF63}.Debug|ARM.Deploy.0 = Debug|Any CPU
		{BF87E013-3080-46C3-A089-79159ECAFF63}.Debug|ARM64.ActiveCfg = Debug|Any CPU
		{BF87E013-3080-46C3-A089-79159ECAFF63}.Debug|ARM64.Build.0 = Debug|Any CPU
		{BF87E013-3080-46C3-A089-79159ECAFF63}.Debug|ARM64.Deploy.0 = Debug|Any CPU
		{BF87E013-3080-46C3-A089-79159ECAFF63}.Debug|iPhone.ActiveCfg = Debug|Any CPU
		{BF87E013-3080-46C3-A089-79159ECAFF63}.Debug|iPhone.Build.0 = Debug|Any CPU
		{BF87E013-3080-46C3-A089-79159ECAFF63}.Debug|iPhone.Deploy.0 = Debug|Any CPU
		{BF87E013-3080-46C3-A089-79159ECAFF63}.Debug|iPhoneSimulator.ActiveCfg = Debug|Any CPU
		{BF87E013-3080-46C3-A089-79159ECAFF63}.Debug|iPhoneSimulator.Build.0 = Debug|Any CPU
		{BF87E013-3080-46C3-A089-79159ECAFF63}.Debug|iPhoneSimulator.Deploy.0 = Debug|Any CPU
		{BF87E013-3080-46C3-A089-79159ECAFF63}.Debug|x64.ActiveCfg = Debug|Any CPU
		{BF87E013-3080-46C3-A089-79159ECAFF63}.Debug|x64.Build.0 = Debug|Any CPU
		{BF87E013-3080-46C3-A089-79159ECAFF63}.Debug|x64.Deploy.0 = Debug|Any CPU
		{BF87E013-3080-46C3-A089-79159ECAFF63}.Debug|x86.ActiveCfg = Debug|Any CPU
		{BF87E013-3080-46C3-A089-79159ECAFF63}.Debug|x86.Build.0 = Debug|Any CPU
		{BF87E013-3080-46C3-A089-79159ECAFF63}.Debug|x86.Deploy.0 = Debug|Any CPU
		{BF87E013-3080-46C3-A089-79159ECAFF63}.Release|Any CPU.ActiveCfg = Release|Any CPU
		{BF87E013-3080-46C3-A089-79159ECAFF63}.Release|Any CPU.Build.0 = Release|Any CPU
		{BF87E013-3080-46C3-A089-79159ECAFF63}.Release|Any CPU.Deploy.0 = Release|Any CPU
		{BF87E013-3080-46C3-A089-79159ECAFF63}.Release|ARM.ActiveCfg = Release|Any CPU
		{BF87E013-3080-46C3-A089-79159ECAFF63}.Release|ARM.Build.0 = Release|Any CPU
		{BF87E013-3080-46C3-A089-79159ECAFF63}.Release|ARM.Deploy.0 = Release|Any CPU
		{BF87E013-3080-46C3-A089-79159ECAFF63}.Release|ARM64.ActiveCfg = Release|Any CPU
		{BF87E013-3080-46C3-A089-79159ECAFF63}.Release|ARM64.Build.0 = Release|Any CPU
		{BF87E013-3080-46C3-A089-79159ECAFF63}.Release|ARM64.Deploy.0 = Release|Any CPU
		{BF87E013-3080-46C3-A089-79159ECAFF63}.Release|iPhone.ActiveCfg = Release|Any CPU
		{BF87E013-3080-46C3-A089-79159ECAFF63}.Release|iPhone.Build.0 = Release|Any CPU
		{BF87E013-3080-46C3-A089-79159ECAFF63}.Release|iPhone.Deploy.0 = Release|Any CPU
		{BF87E013-3080-46C3-A089-79159ECAFF63}.Release|iPhoneSimulator.ActiveCfg = Release|Any CPU
		{BF87E013-3080-46C3-A089-79159ECAFF63}.Release|iPhoneSimulator.Build.0 = Release|Any CPU
		{BF87E013-3080-46C3-A089-79159ECAFF63}.Release|iPhoneSimulator.Deploy.0 = Release|Any CPU
		{BF87E013-3080-46C3-A089-79159ECAFF63}.Release|x64.ActiveCfg = Release|Any CPU
		{BF87E013-3080-46C3-A089-79159ECAFF63}.Release|x64.Build.0 = Release|Any CPU
		{BF87E013-3080-46C3-A089-79159ECAFF63}.Release|x64.Deploy.0 = Release|Any CPU
		{BF87E013-3080-46C3-A089-79159ECAFF63}.Release|x86.ActiveCfg = Release|Any CPU
		{BF87E013-3080-46C3-A089-79159ECAFF63}.Release|x86.Build.0 = Release|Any CPU
		{BF87E013-3080-46C3-A089-79159ECAFF63}.Release|x86.Deploy.0 = Release|Any CPU
		{C7B06045-F68C-447C-98C8-80F6F45B6315}.Ad-Hoc|Any CPU.ActiveCfg = Ad-Hoc|iPhoneSimulator
		{C7B06045-F68C-447C-98C8-80F6F45B6315}.Ad-Hoc|ARM.ActiveCfg = Ad-Hoc|iPhoneSimulator
		{C7B06045-F68C-447C-98C8-80F6F45B6315}.Ad-Hoc|ARM64.ActiveCfg = Ad-Hoc|iPhoneSimulator
		{C7B06045-F68C-447C-98C8-80F6F45B6315}.Ad-Hoc|iPhone.ActiveCfg = Ad-Hoc|iPhone
		{C7B06045-F68C-447C-98C8-80F6F45B6315}.Ad-Hoc|iPhone.Build.0 = Ad-Hoc|iPhone
		{C7B06045-F68C-447C-98C8-80F6F45B6315}.Ad-Hoc|iPhoneSimulator.ActiveCfg = Ad-Hoc|iPhoneSimulator
		{C7B06045-F68C-447C-98C8-80F6F45B6315}.Ad-Hoc|iPhoneSimulator.Build.0 = Ad-Hoc|iPhoneSimulator
		{C7B06045-F68C-447C-98C8-80F6F45B6315}.Ad-Hoc|x64.ActiveCfg = Ad-Hoc|iPhoneSimulator
		{C7B06045-F68C-447C-98C8-80F6F45B6315}.Ad-Hoc|x86.ActiveCfg = Ad-Hoc|iPhoneSimulator
		{C7B06045-F68C-447C-98C8-80F6F45B6315}.AppStore|Any CPU.ActiveCfg = AppStore|iPhoneSimulator
		{C7B06045-F68C-447C-98C8-80F6F45B6315}.AppStore|ARM.ActiveCfg = AppStore|iPhoneSimulator
		{C7B06045-F68C-447C-98C8-80F6F45B6315}.AppStore|ARM64.ActiveCfg = AppStore|iPhoneSimulator
		{C7B06045-F68C-447C-98C8-80F6F45B6315}.AppStore|iPhone.ActiveCfg = AppStore|iPhone
		{C7B06045-F68C-447C-98C8-80F6F45B6315}.AppStore|iPhone.Build.0 = AppStore|iPhone
		{C7B06045-F68C-447C-98C8-80F6F45B6315}.AppStore|iPhoneSimulator.ActiveCfg = AppStore|iPhoneSimulator
		{C7B06045-F68C-447C-98C8-80F6F45B6315}.AppStore|iPhoneSimulator.Build.0 = AppStore|iPhoneSimulator
		{C7B06045-F68C-447C-98C8-80F6F45B6315}.AppStore|x64.ActiveCfg = AppStore|iPhoneSimulator
		{C7B06045-F68C-447C-98C8-80F6F45B6315}.AppStore|x86.ActiveCfg = AppStore|iPhoneSimulator
		{C7B06045-F68C-447C-98C8-80F6F45B6315}.Debug|Any CPU.ActiveCfg = Debug|iPhoneSimulator
		{C7B06045-F68C-447C-98C8-80F6F45B6315}.Debug|ARM.ActiveCfg = Debug|iPhoneSimulator
		{C7B06045-F68C-447C-98C8-80F6F45B6315}.Debug|ARM64.ActiveCfg = Debug|iPhoneSimulator
		{C7B06045-F68C-447C-98C8-80F6F45B6315}.Debug|iPhone.ActiveCfg = Debug|iPhone
		{C7B06045-F68C-447C-98C8-80F6F45B6315}.Debug|iPhone.Build.0 = Debug|iPhone
		{C7B06045-F68C-447C-98C8-80F6F45B6315}.Debug|iPhoneSimulator.ActiveCfg = Debug|iPhoneSimulator
		{C7B06045-F68C-447C-98C8-80F6F45B6315}.Debug|iPhoneSimulator.Build.0 = Debug|iPhoneSimulator
		{C7B06045-F68C-447C-98C8-80F6F45B6315}.Debug|x64.ActiveCfg = Debug|iPhoneSimulator
		{C7B06045-F68C-447C-98C8-80F6F45B6315}.Debug|x86.ActiveCfg = Debug|iPhoneSimulator
		{C7B06045-F68C-447C-98C8-80F6F45B6315}.Release|Any CPU.ActiveCfg = Release|iPhoneSimulator
		{C7B06045-F68C-447C-98C8-80F6F45B6315}.Release|ARM.ActiveCfg = Release|iPhoneSimulator
		{C7B06045-F68C-447C-98C8-80F6F45B6315}.Release|ARM64.ActiveCfg = Release|iPhoneSimulator
		{C7B06045-F68C-447C-98C8-80F6F45B6315}.Release|iPhone.ActiveCfg = Release|iPhone
		{C7B06045-F68C-447C-98C8-80F6F45B6315}.Release|iPhone.Build.0 = Release|iPhone
		{C7B06045-F68C-447C-98C8-80F6F45B6315}.Release|iPhoneSimulator.ActiveCfg = Release|iPhoneSimulator
		{C7B06045-F68C-447C-98C8-80F6F45B6315}.Release|iPhoneSimulator.Build.0 = Release|iPhoneSimulator
		{C7B06045-F68C-447C-98C8-80F6F45B6315}.Release|x64.ActiveCfg = Release|iPhoneSimulator
		{C7B06045-F68C-447C-98C8-80F6F45B6315}.Release|x86.ActiveCfg = Release|iPhoneSimulator
		{9A3D0CC2-C6E0-455A-841C-62E82F1DA388}.Ad-Hoc|Any CPU.ActiveCfg = Debug|x86
		{9A3D0CC2-C6E0-455A-841C-62E82F1DA388}.Ad-Hoc|Any CPU.Build.0 = Debug|x86
		{9A3D0CC2-C6E0-455A-841C-62E82F1DA388}.Ad-Hoc|Any CPU.Deploy.0 = Debug|x86
		{9A3D0CC2-C6E0-455A-841C-62E82F1DA388}.Ad-Hoc|ARM.ActiveCfg = Debug|ARM
		{9A3D0CC2-C6E0-455A-841C-62E82F1DA388}.Ad-Hoc|ARM.Build.0 = Debug|ARM
		{9A3D0CC2-C6E0-455A-841C-62E82F1DA388}.Ad-Hoc|ARM.Deploy.0 = Debug|ARM
		{9A3D0CC2-C6E0-455A-841C-62E82F1DA388}.Ad-Hoc|ARM64.ActiveCfg = Debug|ARM64
		{9A3D0CC2-C6E0-455A-841C-62E82F1DA388}.Ad-Hoc|ARM64.Build.0 = Debug|ARM64
		{9A3D0CC2-C6E0-455A-841C-62E82F1DA388}.Ad-Hoc|ARM64.Deploy.0 = Debug|ARM64
		{9A3D0CC2-C6E0-455A-841C-62E82F1DA388}.Ad-Hoc|iPhone.ActiveCfg = Debug|x86
		{9A3D0CC2-C6E0-455A-841C-62E82F1DA388}.Ad-Hoc|iPhone.Build.0 = Debug|x86
		{9A3D0CC2-C6E0-455A-841C-62E82F1DA388}.Ad-Hoc|iPhone.Deploy.0 = Debug|x86
		{9A3D0CC2-C6E0-455A-841C-62E82F1DA388}.Ad-Hoc|iPhoneSimulator.ActiveCfg = Debug|x86
		{9A3D0CC2-C6E0-455A-841C-62E82F1DA388}.Ad-Hoc|iPhoneSimulator.Build.0 = Debug|x86
		{9A3D0CC2-C6E0-455A-841C-62E82F1DA388}.Ad-Hoc|iPhoneSimulator.Deploy.0 = Debug|x86
		{9A3D0CC2-C6E0-455A-841C-62E82F1DA388}.Ad-Hoc|x64.ActiveCfg = Debug|x64
		{9A3D0CC2-C6E0-455A-841C-62E82F1DA388}.Ad-Hoc|x64.Build.0 = Debug|x64
		{9A3D0CC2-C6E0-455A-841C-62E82F1DA388}.Ad-Hoc|x64.Deploy.0 = Debug|x64
		{9A3D0CC2-C6E0-455A-841C-62E82F1DA388}.Ad-Hoc|x86.ActiveCfg = Debug|x86
		{9A3D0CC2-C6E0-455A-841C-62E82F1DA388}.Ad-Hoc|x86.Build.0 = Debug|x86
		{9A3D0CC2-C6E0-455A-841C-62E82F1DA388}.Ad-Hoc|x86.Deploy.0 = Debug|x86
		{9A3D0CC2-C6E0-455A-841C-62E82F1DA388}.AppStore|Any CPU.ActiveCfg = Debug|x86
		{9A3D0CC2-C6E0-455A-841C-62E82F1DA388}.AppStore|Any CPU.Build.0 = Debug|x86
		{9A3D0CC2-C6E0-455A-841C-62E82F1DA388}.AppStore|Any CPU.Deploy.0 = Debug|x86
		{9A3D0CC2-C6E0-455A-841C-62E82F1DA388}.AppStore|ARM.ActiveCfg = Debug|ARM
		{9A3D0CC2-C6E0-455A-841C-62E82F1DA388}.AppStore|ARM.Build.0 = Debug|ARM
		{9A3D0CC2-C6E0-455A-841C-62E82F1DA388}.AppStore|ARM.Deploy.0 = Debug|ARM
		{9A3D0CC2-C6E0-455A-841C-62E82F1DA388}.AppStore|ARM64.ActiveCfg = Debug|ARM64
		{9A3D0CC2-C6E0-455A-841C-62E82F1DA388}.AppStore|ARM64.Build.0 = Debug|ARM64
		{9A3D0CC2-C6E0-455A-841C-62E82F1DA388}.AppStore|ARM64.Deploy.0 = Debug|ARM64
		{9A3D0CC2-C6E0-455A-841C-62E82F1DA388}.AppStore|iPhone.ActiveCfg = Debug|x86
		{9A3D0CC2-C6E0-455A-841C-62E82F1DA388}.AppStore|iPhone.Build.0 = Debug|x86
		{9A3D0CC2-C6E0-455A-841C-62E82F1DA388}.AppStore|iPhone.Deploy.0 = Debug|x86
		{9A3D0CC2-C6E0-455A-841C-62E82F1DA388}.AppStore|iPhoneSimulator.ActiveCfg = Debug|x86
		{9A3D0CC2-C6E0-455A-841C-62E82F1DA388}.AppStore|iPhoneSimulator.Build.0 = Debug|x86
		{9A3D0CC2-C6E0-455A-841C-62E82F1DA388}.AppStore|iPhoneSimulator.Deploy.0 = Debug|x86
		{9A3D0CC2-C6E0-455A-841C-62E82F1DA388}.AppStore|x64.ActiveCfg = Debug|x64
		{9A3D0CC2-C6E0-455A-841C-62E82F1DA388}.AppStore|x64.Build.0 = Debug|x64
		{9A3D0CC2-C6E0-455A-841C-62E82F1DA388}.AppStore|x64.Deploy.0 = Debug|x64
		{9A3D0CC2-C6E0-455A-841C-62E82F1DA388}.AppStore|x86.ActiveCfg = Debug|x86
		{9A3D0CC2-C6E0-455A-841C-62E82F1DA388}.AppStore|x86.Build.0 = Debug|x86
		{9A3D0CC2-C6E0-455A-841C-62E82F1DA388}.AppStore|x86.Deploy.0 = Debug|x86
		{9A3D0CC2-C6E0-455A-841C-62E82F1DA388}.Debug|Any CPU.ActiveCfg = Debug|x86
		{9A3D0CC2-C6E0-455A-841C-62E82F1DA388}.Debug|Any CPU.Build.0 = Debug|x86
		{9A3D0CC2-C6E0-455A-841C-62E82F1DA388}.Debug|Any CPU.Deploy.0 = Debug|x86
		{9A3D0CC2-C6E0-455A-841C-62E82F1DA388}.Debug|ARM.ActiveCfg = Debug|ARM
		{9A3D0CC2-C6E0-455A-841C-62E82F1DA388}.Debug|ARM.Build.0 = Debug|ARM
		{9A3D0CC2-C6E0-455A-841C-62E82F1DA388}.Debug|ARM.Deploy.0 = Debug|ARM
		{9A3D0CC2-C6E0-455A-841C-62E82F1DA388}.Debug|ARM64.ActiveCfg = Debug|ARM64
		{9A3D0CC2-C6E0-455A-841C-62E82F1DA388}.Debug|ARM64.Build.0 = Debug|ARM64
		{9A3D0CC2-C6E0-455A-841C-62E82F1DA388}.Debug|ARM64.Deploy.0 = Debug|ARM64
		{9A3D0CC2-C6E0-455A-841C-62E82F1DA388}.Debug|iPhone.ActiveCfg = Debug|x86
		{9A3D0CC2-C6E0-455A-841C-62E82F1DA388}.Debug|iPhoneSimulator.ActiveCfg = Debug|x86
		{9A3D0CC2-C6E0-455A-841C-62E82F1DA388}.Debug|x64.ActiveCfg = Debug|x64
		{9A3D0CC2-C6E0-455A-841C-62E82F1DA388}.Debug|x64.Build.0 = Debug|x64
		{9A3D0CC2-C6E0-455A-841C-62E82F1DA388}.Debug|x64.Deploy.0 = Debug|x64
		{9A3D0CC2-C6E0-455A-841C-62E82F1DA388}.Debug|x86.ActiveCfg = Debug|x86
		{9A3D0CC2-C6E0-455A-841C-62E82F1DA388}.Debug|x86.Build.0 = Debug|x86
		{9A3D0CC2-C6E0-455A-841C-62E82F1DA388}.Debug|x86.Deploy.0 = Debug|x86
		{9A3D0CC2-C6E0-455A-841C-62E82F1DA388}.Release|Any CPU.ActiveCfg = Release|x86
		{9A3D0CC2-C6E0-455A-841C-62E82F1DA388}.Release|ARM.ActiveCfg = Release|ARM
		{9A3D0CC2-C6E0-455A-841C-62E82F1DA388}.Release|ARM.Build.0 = Release|ARM
		{9A3D0CC2-C6E0-455A-841C-62E82F1DA388}.Release|ARM.Deploy.0 = Release|ARM
		{9A3D0CC2-C6E0-455A-841C-62E82F1DA388}.Release|ARM64.ActiveCfg = Release|ARM64
		{9A3D0CC2-C6E0-455A-841C-62E82F1DA388}.Release|ARM64.Build.0 = Release|ARM64
		{9A3D0CC2-C6E0-455A-841C-62E82F1DA388}.Release|ARM64.Deploy.0 = Release|ARM64
		{9A3D0CC2-C6E0-455A-841C-62E82F1DA388}.Release|iPhone.ActiveCfg = Release|x86
		{9A3D0CC2-C6E0-455A-841C-62E82F1DA388}.Release|iPhoneSimulator.ActiveCfg = Release|x86
		{9A3D0CC2-C6E0-455A-841C-62E82F1DA388}.Release|x64.ActiveCfg = Release|x64
		{9A3D0CC2-C6E0-455A-841C-62E82F1DA388}.Release|x64.Build.0 = Release|x64
		{9A3D0CC2-C6E0-455A-841C-62E82F1DA388}.Release|x64.Deploy.0 = Release|x64
		{9A3D0CC2-C6E0-455A-841C-62E82F1DA388}.Release|x86.ActiveCfg = Release|x86
		{9A3D0CC2-C6E0-455A-841C-62E82F1DA388}.Release|x86.Build.0 = Release|x86
		{9A3D0CC2-C6E0-455A-841C-62E82F1DA388}.Release|x86.Deploy.0 = Release|x86
		{F4CE730B-0C19-4970-A0E8-7AC992CB423C}.Ad-Hoc|Any CPU.ActiveCfg = Debug|Any CPU
		{F4CE730B-0C19-4970-A0E8-7AC992CB423C}.Ad-Hoc|Any CPU.Build.0 = Debug|Any CPU
		{F4CE730B-0C19-4970-A0E8-7AC992CB423C}.Ad-Hoc|ARM.ActiveCfg = Debug|Any CPU
		{F4CE730B-0C19-4970-A0E8-7AC992CB423C}.Ad-Hoc|ARM.Build.0 = Debug|Any CPU
		{F4CE730B-0C19-4970-A0E8-7AC992CB423C}.Ad-Hoc|ARM64.ActiveCfg = Debug|Any CPU
		{F4CE730B-0C19-4970-A0E8-7AC992CB423C}.Ad-Hoc|ARM64.Build.0 = Debug|Any CPU
		{F4CE730B-0C19-4970-A0E8-7AC992CB423C}.Ad-Hoc|iPhone.ActiveCfg = Debug|Any CPU
		{F4CE730B-0C19-4970-A0E8-7AC992CB423C}.Ad-Hoc|iPhone.Build.0 = Debug|Any CPU
		{F4CE730B-0C19-4970-A0E8-7AC992CB423C}.Ad-Hoc|iPhoneSimulator.ActiveCfg = Debug|Any CPU
		{F4CE730B-0C19-4970-A0E8-7AC992CB423C}.Ad-Hoc|iPhoneSimulator.Build.0 = Debug|Any CPU
		{F4CE730B-0C19-4970-A0E8-7AC992CB423C}.Ad-Hoc|x64.ActiveCfg = Debug|Any CPU
		{F4CE730B-0C19-4970-A0E8-7AC992CB423C}.Ad-Hoc|x64.Build.0 = Debug|Any CPU
		{F4CE730B-0C19-4970-A0E8-7AC992CB423C}.Ad-Hoc|x86.ActiveCfg = Debug|Any CPU
		{F4CE730B-0C19-4970-A0E8-7AC992CB423C}.Ad-Hoc|x86.Build.0 = Debug|Any CPU
		{F4CE730B-0C19-4970-A0E8-7AC992CB423C}.AppStore|Any CPU.ActiveCfg = Debug|Any CPU
		{F4CE730B-0C19-4970-A0E8-7AC992CB423C}.AppStore|Any CPU.Build.0 = Debug|Any CPU
		{F4CE730B-0C19-4970-A0E8-7AC992CB423C}.AppStore|ARM.ActiveCfg = Debug|Any CPU
		{F4CE730B-0C19-4970-A0E8-7AC992CB423C}.AppStore|ARM.Build.0 = Debug|Any CPU
		{F4CE730B-0C19-4970-A0E8-7AC992CB423C}.AppStore|ARM64.ActiveCfg = Debug|Any CPU
		{F4CE730B-0C19-4970-A0E8-7AC992CB423C}.AppStore|ARM64.Build.0 = Debug|Any CPU
		{F4CE730B-0C19-4970-A0E8-7AC992CB423C}.AppStore|iPhone.ActiveCfg = Debug|Any CPU
		{F4CE730B-0C19-4970-A0E8-7AC992CB423C}.AppStore|iPhone.Build.0 = Debug|Any CPU
		{F4CE730B-0C19-4970-A0E8-7AC992CB423C}.AppStore|iPhoneSimulator.ActiveCfg = Debug|Any CPU
		{F4CE730B-0C19-4970-A0E8-7AC992CB423C}.AppStore|iPhoneSimulator.Build.0 = Debug|Any CPU
		{F4CE730B-0C19-4970-A0E8-7AC992CB423C}.AppStore|x64.ActiveCfg = Debug|Any CPU
		{F4CE730B-0C19-4970-A0E8-7AC992CB423C}.AppStore|x64.Build.0 = Debug|Any CPU
		{F4CE730B-0C19-4970-A0E8-7AC992CB423C}.AppStore|x86.ActiveCfg = Debug|Any CPU
		{F4CE730B-0C19-4970-A0E8-7AC992CB423C}.AppStore|x86.Build.0 = Debug|Any CPU
		{F4CE730B-0C19-4970-A0E8-7AC992CB423C}.Debug|Any CPU.ActiveCfg = Debug|Any CPU
		{F4CE730B-0C19-4970-A0E8-7AC992CB423C}.Debug|Any CPU.Build.0 = Debug|Any CPU
		{F4CE730B-0C19-4970-A0E8-7AC992CB423C}.Debug|ARM.ActiveCfg = Debug|Any CPU
		{F4CE730B-0C19-4970-A0E8-7AC992CB423C}.Debug|ARM.Build.0 = Debug|Any CPU
		{F4CE730B-0C19-4970-A0E8-7AC992CB423C}.Debug|ARM64.ActiveCfg = Debug|Any CPU
		{F4CE730B-0C19-4970-A0E8-7AC992CB423C}.Debug|ARM64.Build.0 = Debug|Any CPU
		{F4CE730B-0C19-4970-A0E8-7AC992CB423C}.Debug|iPhone.ActiveCfg = Debug|Any CPU
		{F4CE730B-0C19-4970-A0E8-7AC992CB423C}.Debug|iPhone.Build.0 = Debug|Any CPU
		{F4CE730B-0C19-4970-A0E8-7AC992CB423C}.Debug|iPhoneSimulator.ActiveCfg = Debug|Any CPU
		{F4CE730B-0C19-4970-A0E8-7AC992CB423C}.Debug|iPhoneSimulator.Build.0 = Debug|Any CPU
		{F4CE730B-0C19-4970-A0E8-7AC992CB423C}.Debug|x64.ActiveCfg = Debug|Any CPU
		{F4CE730B-0C19-4970-A0E8-7AC992CB423C}.Debug|x64.Build.0 = Debug|Any CPU
		{F4CE730B-0C19-4970-A0E8-7AC992CB423C}.Debug|x86.ActiveCfg = Debug|Any CPU
		{F4CE730B-0C19-4970-A0E8-7AC992CB423C}.Debug|x86.Build.0 = Debug|Any CPU
		{F4CE730B-0C19-4970-A0E8-7AC992CB423C}.Release|Any CPU.ActiveCfg = Release|Any CPU
		{F4CE730B-0C19-4970-A0E8-7AC992CB423C}.Release|Any CPU.Build.0 = Release|Any CPU
		{F4CE730B-0C19-4970-A0E8-7AC992CB423C}.Release|ARM.ActiveCfg = Release|Any CPU
		{F4CE730B-0C19-4970-A0E8-7AC992CB423C}.Release|ARM.Build.0 = Release|Any CPU
		{F4CE730B-0C19-4970-A0E8-7AC992CB423C}.Release|ARM64.ActiveCfg = Release|Any CPU
		{F4CE730B-0C19-4970-A0E8-7AC992CB423C}.Release|ARM64.Build.0 = Release|Any CPU
		{F4CE730B-0C19-4970-A0E8-7AC992CB423C}.Release|iPhone.ActiveCfg = Release|Any CPU
		{F4CE730B-0C19-4970-A0E8-7AC992CB423C}.Release|iPhone.Build.0 = Release|Any CPU
		{F4CE730B-0C19-4970-A0E8-7AC992CB423C}.Release|iPhoneSimulator.ActiveCfg = Release|Any CPU
		{F4CE730B-0C19-4970-A0E8-7AC992CB423C}.Release|iPhoneSimulator.Build.0 = Release|Any CPU
		{F4CE730B-0C19-4970-A0E8-7AC992CB423C}.Release|x64.ActiveCfg = Release|Any CPU
		{F4CE730B-0C19-4970-A0E8-7AC992CB423C}.Release|x64.Build.0 = Release|Any CPU
		{F4CE730B-0C19-4970-A0E8-7AC992CB423C}.Release|x86.ActiveCfg = Release|Any CPU
		{F4CE730B-0C19-4970-A0E8-7AC992CB423C}.Release|x86.Build.0 = Release|Any CPU
		{3773B66F-5BD1-4D0F-966C-12ACDBD916BB}.Ad-Hoc|Any CPU.ActiveCfg = Debug|iPhoneSimulator
		{3773B66F-5BD1-4D0F-966C-12ACDBD916BB}.Ad-Hoc|Any CPU.Build.0 = Debug|iPhoneSimulator
		{3773B66F-5BD1-4D0F-966C-12ACDBD916BB}.Ad-Hoc|ARM.ActiveCfg = Debug|iPhoneSimulator
		{3773B66F-5BD1-4D0F-966C-12ACDBD916BB}.Ad-Hoc|ARM.Build.0 = Debug|iPhoneSimulator
		{3773B66F-5BD1-4D0F-966C-12ACDBD916BB}.Ad-Hoc|ARM64.ActiveCfg = Debug|iPhoneSimulator
		{3773B66F-5BD1-4D0F-966C-12ACDBD916BB}.Ad-Hoc|ARM64.Build.0 = Debug|iPhoneSimulator
		{3773B66F-5BD1-4D0F-966C-12ACDBD916BB}.Ad-Hoc|iPhone.ActiveCfg = Debug|iPhoneSimulator
		{3773B66F-5BD1-4D0F-966C-12ACDBD916BB}.Ad-Hoc|iPhone.Build.0 = Debug|iPhoneSimulator
		{3773B66F-5BD1-4D0F-966C-12ACDBD916BB}.Ad-Hoc|iPhoneSimulator.ActiveCfg = Debug|iPhoneSimulator
		{3773B66F-5BD1-4D0F-966C-12ACDBD916BB}.Ad-Hoc|iPhoneSimulator.Build.0 = Debug|iPhoneSimulator
		{3773B66F-5BD1-4D0F-966C-12ACDBD916BB}.Ad-Hoc|x64.ActiveCfg = Debug|iPhoneSimulator
		{3773B66F-5BD1-4D0F-966C-12ACDBD916BB}.Ad-Hoc|x64.Build.0 = Debug|iPhoneSimulator
		{3773B66F-5BD1-4D0F-966C-12ACDBD916BB}.Ad-Hoc|x86.ActiveCfg = Debug|iPhoneSimulator
		{3773B66F-5BD1-4D0F-966C-12ACDBD916BB}.Ad-Hoc|x86.Build.0 = Debug|iPhoneSimulator
		{3773B66F-5BD1-4D0F-966C-12ACDBD916BB}.AppStore|Any CPU.ActiveCfg = Debug|iPhoneSimulator
		{3773B66F-5BD1-4D0F-966C-12ACDBD916BB}.AppStore|Any CPU.Build.0 = Debug|iPhoneSimulator
		{3773B66F-5BD1-4D0F-966C-12ACDBD916BB}.AppStore|ARM.ActiveCfg = Debug|iPhoneSimulator
		{3773B66F-5BD1-4D0F-966C-12ACDBD916BB}.AppStore|ARM.Build.0 = Debug|iPhoneSimulator
		{3773B66F-5BD1-4D0F-966C-12ACDBD916BB}.AppStore|ARM64.ActiveCfg = Debug|iPhoneSimulator
		{3773B66F-5BD1-4D0F-966C-12ACDBD916BB}.AppStore|ARM64.Build.0 = Debug|iPhoneSimulator
		{3773B66F-5BD1-4D0F-966C-12ACDBD916BB}.AppStore|iPhone.ActiveCfg = Debug|iPhoneSimulator
		{3773B66F-5BD1-4D0F-966C-12ACDBD916BB}.AppStore|iPhone.Build.0 = Debug|iPhoneSimulator
		{3773B66F-5BD1-4D0F-966C-12ACDBD916BB}.AppStore|iPhoneSimulator.ActiveCfg = Debug|iPhoneSimulator
		{3773B66F-5BD1-4D0F-966C-12ACDBD916BB}.AppStore|iPhoneSimulator.Build.0 = Debug|iPhoneSimulator
		{3773B66F-5BD1-4D0F-966C-12ACDBD916BB}.AppStore|x64.ActiveCfg = Debug|iPhoneSimulator
		{3773B66F-5BD1-4D0F-966C-12ACDBD916BB}.AppStore|x64.Build.0 = Debug|iPhoneSimulator
		{3773B66F-5BD1-4D0F-966C-12ACDBD916BB}.AppStore|x86.ActiveCfg = Debug|iPhoneSimulator
		{3773B66F-5BD1-4D0F-966C-12ACDBD916BB}.AppStore|x86.Build.0 = Debug|iPhoneSimulator
		{3773B66F-5BD1-4D0F-966C-12ACDBD916BB}.Debug|Any CPU.ActiveCfg = Debug|iPhoneSimulator
		{3773B66F-5BD1-4D0F-966C-12ACDBD916BB}.Debug|ARM.ActiveCfg = Debug|iPhoneSimulator
		{3773B66F-5BD1-4D0F-966C-12ACDBD916BB}.Debug|ARM64.ActiveCfg = Debug|iPhoneSimulator
		{3773B66F-5BD1-4D0F-966C-12ACDBD916BB}.Debug|iPhone.ActiveCfg = Debug|iPhoneSimulator
		{3773B66F-5BD1-4D0F-966C-12ACDBD916BB}.Debug|iPhoneSimulator.ActiveCfg = Debug|iPhoneSimulator
		{3773B66F-5BD1-4D0F-966C-12ACDBD916BB}.Debug|iPhoneSimulator.Build.0 = Debug|iPhoneSimulator
		{3773B66F-5BD1-4D0F-966C-12ACDBD916BB}.Debug|x64.ActiveCfg = Debug|iPhoneSimulator
		{3773B66F-5BD1-4D0F-966C-12ACDBD916BB}.Debug|x86.ActiveCfg = Debug|iPhoneSimulator
		{3773B66F-5BD1-4D0F-966C-12ACDBD916BB}.Release|Any CPU.ActiveCfg = Release|iPhoneSimulator
		{3773B66F-5BD1-4D0F-966C-12ACDBD916BB}.Release|ARM.ActiveCfg = Release|iPhoneSimulator
		{3773B66F-5BD1-4D0F-966C-12ACDBD916BB}.Release|ARM64.ActiveCfg = Release|iPhoneSimulator
		{3773B66F-5BD1-4D0F-966C-12ACDBD916BB}.Release|iPhone.ActiveCfg = Release|iPhoneSimulator
		{3773B66F-5BD1-4D0F-966C-12ACDBD916BB}.Release|iPhoneSimulator.ActiveCfg = Release|iPhoneSimulator
		{3773B66F-5BD1-4D0F-966C-12ACDBD916BB}.Release|iPhoneSimulator.Build.0 = Release|iPhoneSimulator
		{3773B66F-5BD1-4D0F-966C-12ACDBD916BB}.Release|x64.ActiveCfg = Release|iPhoneSimulator
		{3773B66F-5BD1-4D0F-966C-12ACDBD916BB}.Release|x86.ActiveCfg = Release|iPhoneSimulator
		{A4C74228-A7FF-4829-9045-66E9E6136DB9}.Ad-Hoc|Any CPU.ActiveCfg = Debug|Any CPU
		{A4C74228-A7FF-4829-9045-66E9E6136DB9}.Ad-Hoc|Any CPU.Build.0 = Debug|Any CPU
		{A4C74228-A7FF-4829-9045-66E9E6136DB9}.Ad-Hoc|ARM.ActiveCfg = Debug|Any CPU
		{A4C74228-A7FF-4829-9045-66E9E6136DB9}.Ad-Hoc|ARM.Build.0 = Debug|Any CPU
		{A4C74228-A7FF-4829-9045-66E9E6136DB9}.Ad-Hoc|ARM64.ActiveCfg = Debug|Any CPU
		{A4C74228-A7FF-4829-9045-66E9E6136DB9}.Ad-Hoc|ARM64.Build.0 = Debug|Any CPU
		{A4C74228-A7FF-4829-9045-66E9E6136DB9}.Ad-Hoc|iPhone.ActiveCfg = Debug|Any CPU
		{A4C74228-A7FF-4829-9045-66E9E6136DB9}.Ad-Hoc|iPhone.Build.0 = Debug|Any CPU
		{A4C74228-A7FF-4829-9045-66E9E6136DB9}.Ad-Hoc|iPhoneSimulator.ActiveCfg = Debug|Any CPU
		{A4C74228-A7FF-4829-9045-66E9E6136DB9}.Ad-Hoc|iPhoneSimulator.Build.0 = Debug|Any CPU
		{A4C74228-A7FF-4829-9045-66E9E6136DB9}.Ad-Hoc|x64.ActiveCfg = Debug|Any CPU
		{A4C74228-A7FF-4829-9045-66E9E6136DB9}.Ad-Hoc|x64.Build.0 = Debug|Any CPU
		{A4C74228-A7FF-4829-9045-66E9E6136DB9}.Ad-Hoc|x86.ActiveCfg = Debug|Any CPU
		{A4C74228-A7FF-4829-9045-66E9E6136DB9}.Ad-Hoc|x86.Build.0 = Debug|Any CPU
		{A4C74228-A7FF-4829-9045-66E9E6136DB9}.AppStore|Any CPU.ActiveCfg = Debug|Any CPU
		{A4C74228-A7FF-4829-9045-66E9E6136DB9}.AppStore|Any CPU.Build.0 = Debug|Any CPU
		{A4C74228-A7FF-4829-9045-66E9E6136DB9}.AppStore|ARM.ActiveCfg = Debug|Any CPU
		{A4C74228-A7FF-4829-9045-66E9E6136DB9}.AppStore|ARM.Build.0 = Debug|Any CPU
		{A4C74228-A7FF-4829-9045-66E9E6136DB9}.AppStore|ARM64.ActiveCfg = Debug|Any CPU
		{A4C74228-A7FF-4829-9045-66E9E6136DB9}.AppStore|ARM64.Build.0 = Debug|Any CPU
		{A4C74228-A7FF-4829-9045-66E9E6136DB9}.AppStore|iPhone.ActiveCfg = Debug|Any CPU
		{A4C74228-A7FF-4829-9045-66E9E6136DB9}.AppStore|iPhone.Build.0 = Debug|Any CPU
		{A4C74228-A7FF-4829-9045-66E9E6136DB9}.AppStore|iPhoneSimulator.ActiveCfg = Debug|Any CPU
		{A4C74228-A7FF-4829-9045-66E9E6136DB9}.AppStore|iPhoneSimulator.Build.0 = Debug|Any CPU
		{A4C74228-A7FF-4829-9045-66E9E6136DB9}.AppStore|x64.ActiveCfg = Debug|Any CPU
		{A4C74228-A7FF-4829-9045-66E9E6136DB9}.AppStore|x64.Build.0 = Debug|Any CPU
		{A4C74228-A7FF-4829-9045-66E9E6136DB9}.AppStore|x86.ActiveCfg = Debug|Any CPU
		{A4C74228-A7FF-4829-9045-66E9E6136DB9}.AppStore|x86.Build.0 = Debug|Any CPU
		{A4C74228-A7FF-4829-9045-66E9E6136DB9}.Debug|Any CPU.ActiveCfg = Debug|Any CPU
		{A4C74228-A7FF-4829-9045-66E9E6136DB9}.Debug|Any CPU.Build.0 = Debug|Any CPU
		{A4C74228-A7FF-4829-9045-66E9E6136DB9}.Debug|ARM.ActiveCfg = Debug|Any CPU
		{A4C74228-A7FF-4829-9045-66E9E6136DB9}.Debug|ARM.Build.0 = Debug|Any CPU
		{A4C74228-A7FF-4829-9045-66E9E6136DB9}.Debug|ARM64.ActiveCfg = Debug|Any CPU
		{A4C74228-A7FF-4829-9045-66E9E6136DB9}.Debug|ARM64.Build.0 = Debug|Any CPU
		{A4C74228-A7FF-4829-9045-66E9E6136DB9}.Debug|iPhone.ActiveCfg = Debug|Any CPU
		{A4C74228-A7FF-4829-9045-66E9E6136DB9}.Debug|iPhone.Build.0 = Debug|Any CPU
		{A4C74228-A7FF-4829-9045-66E9E6136DB9}.Debug|iPhoneSimulator.ActiveCfg = Debug|Any CPU
		{A4C74228-A7FF-4829-9045-66E9E6136DB9}.Debug|iPhoneSimulator.Build.0 = Debug|Any CPU
		{A4C74228-A7FF-4829-9045-66E9E6136DB9}.Debug|x64.ActiveCfg = Debug|Any CPU
		{A4C74228-A7FF-4829-9045-66E9E6136DB9}.Debug|x64.Build.0 = Debug|Any CPU
		{A4C74228-A7FF-4829-9045-66E9E6136DB9}.Debug|x86.ActiveCfg = Debug|Any CPU
		{A4C74228-A7FF-4829-9045-66E9E6136DB9}.Debug|x86.Build.0 = Debug|Any CPU
		{A4C74228-A7FF-4829-9045-66E9E6136DB9}.Release|Any CPU.ActiveCfg = Release|Any CPU
		{A4C74228-A7FF-4829-9045-66E9E6136DB9}.Release|Any CPU.Build.0 = Release|Any CPU
		{A4C74228-A7FF-4829-9045-66E9E6136DB9}.Release|ARM.ActiveCfg = Release|Any CPU
		{A4C74228-A7FF-4829-9045-66E9E6136DB9}.Release|ARM.Build.0 = Release|Any CPU
		{A4C74228-A7FF-4829-9045-66E9E6136DB9}.Release|ARM64.ActiveCfg = Release|Any CPU
		{A4C74228-A7FF-4829-9045-66E9E6136DB9}.Release|ARM64.Build.0 = Release|Any CPU
		{A4C74228-A7FF-4829-9045-66E9E6136DB9}.Release|iPhone.ActiveCfg = Release|Any CPU
		{A4C74228-A7FF-4829-9045-66E9E6136DB9}.Release|iPhone.Build.0 = Release|Any CPU
		{A4C74228-A7FF-4829-9045-66E9E6136DB9}.Release|iPhoneSimulator.ActiveCfg = Release|Any CPU
		{A4C74228-A7FF-4829-9045-66E9E6136DB9}.Release|iPhoneSimulator.Build.0 = Release|Any CPU
		{A4C74228-A7FF-4829-9045-66E9E6136DB9}.Release|x64.ActiveCfg = Release|Any CPU
		{A4C74228-A7FF-4829-9045-66E9E6136DB9}.Release|x64.Build.0 = Release|Any CPU
		{A4C74228-A7FF-4829-9045-66E9E6136DB9}.Release|x86.ActiveCfg = Release|Any CPU
		{A4C74228-A7FF-4829-9045-66E9E6136DB9}.Release|x86.Build.0 = Release|Any CPU
		{8F43E589-272C-4971-937D-A861230B39D5}.Ad-Hoc|Any CPU.ActiveCfg = Debug|Any CPU
		{8F43E589-272C-4971-937D-A861230B39D5}.Ad-Hoc|Any CPU.Build.0 = Debug|Any CPU
		{8F43E589-272C-4971-937D-A861230B39D5}.Ad-Hoc|ARM.ActiveCfg = Debug|Any CPU
		{8F43E589-272C-4971-937D-A861230B39D5}.Ad-Hoc|ARM.Build.0 = Debug|Any CPU
		{8F43E589-272C-4971-937D-A861230B39D5}.Ad-Hoc|ARM64.ActiveCfg = Debug|Any CPU
		{8F43E589-272C-4971-937D-A861230B39D5}.Ad-Hoc|ARM64.Build.0 = Debug|Any CPU
		{8F43E589-272C-4971-937D-A861230B39D5}.Ad-Hoc|iPhone.ActiveCfg = Debug|Any CPU
		{8F43E589-272C-4971-937D-A861230B39D5}.Ad-Hoc|iPhone.Build.0 = Debug|Any CPU
		{8F43E589-272C-4971-937D-A861230B39D5}.Ad-Hoc|iPhoneSimulator.ActiveCfg = Debug|Any CPU
		{8F43E589-272C-4971-937D-A861230B39D5}.Ad-Hoc|iPhoneSimulator.Build.0 = Debug|Any CPU
		{8F43E589-272C-4971-937D-A861230B39D5}.Ad-Hoc|x64.ActiveCfg = Debug|Any CPU
		{8F43E589-272C-4971-937D-A861230B39D5}.Ad-Hoc|x64.Build.0 = Debug|Any CPU
		{8F43E589-272C-4971-937D-A861230B39D5}.Ad-Hoc|x86.ActiveCfg = Debug|Any CPU
		{8F43E589-272C-4971-937D-A861230B39D5}.Ad-Hoc|x86.Build.0 = Debug|Any CPU
		{8F43E589-272C-4971-937D-A861230B39D5}.AppStore|Any CPU.ActiveCfg = Debug|Any CPU
		{8F43E589-272C-4971-937D-A861230B39D5}.AppStore|Any CPU.Build.0 = Debug|Any CPU
		{8F43E589-272C-4971-937D-A861230B39D5}.AppStore|ARM.ActiveCfg = Debug|Any CPU
		{8F43E589-272C-4971-937D-A861230B39D5}.AppStore|ARM.Build.0 = Debug|Any CPU
		{8F43E589-272C-4971-937D-A861230B39D5}.AppStore|ARM64.ActiveCfg = Debug|Any CPU
		{8F43E589-272C-4971-937D-A861230B39D5}.AppStore|ARM64.Build.0 = Debug|Any CPU
		{8F43E589-272C-4971-937D-A861230B39D5}.AppStore|iPhone.ActiveCfg = Debug|Any CPU
		{8F43E589-272C-4971-937D-A861230B39D5}.AppStore|iPhone.Build.0 = Debug|Any CPU
		{8F43E589-272C-4971-937D-A861230B39D5}.AppStore|iPhoneSimulator.ActiveCfg = Debug|Any CPU
		{8F43E589-272C-4971-937D-A861230B39D5}.AppStore|iPhoneSimulator.Build.0 = Debug|Any CPU
		{8F43E589-272C-4971-937D-A861230B39D5}.AppStore|x64.ActiveCfg = Debug|Any CPU
		{8F43E589-272C-4971-937D-A861230B39D5}.AppStore|x64.Build.0 = Debug|Any CPU
		{8F43E589-272C-4971-937D-A861230B39D5}.AppStore|x86.ActiveCfg = Debug|Any CPU
		{8F43E589-272C-4971-937D-A861230B39D5}.AppStore|x86.Build.0 = Debug|Any CPU
		{8F43E589-272C-4971-937D-A861230B39D5}.Debug|Any CPU.ActiveCfg = Debug|Any CPU
		{8F43E589-272C-4971-937D-A861230B39D5}.Debug|Any CPU.Build.0 = Debug|Any CPU
		{8F43E589-272C-4971-937D-A861230B39D5}.Debug|ARM.ActiveCfg = Debug|Any CPU
		{8F43E589-272C-4971-937D-A861230B39D5}.Debug|ARM.Build.0 = Debug|Any CPU
		{8F43E589-272C-4971-937D-A861230B39D5}.Debug|ARM64.ActiveCfg = Debug|Any CPU
		{8F43E589-272C-4971-937D-A861230B39D5}.Debug|ARM64.Build.0 = Debug|Any CPU
		{8F43E589-272C-4971-937D-A861230B39D5}.Debug|iPhone.ActiveCfg = Debug|Any CPU
		{8F43E589-272C-4971-937D-A861230B39D5}.Debug|iPhone.Build.0 = Debug|Any CPU
		{8F43E589-272C-4971-937D-A861230B39D5}.Debug|iPhoneSimulator.ActiveCfg = Debug|Any CPU
		{8F43E589-272C-4971-937D-A861230B39D5}.Debug|iPhoneSimulator.Build.0 = Debug|Any CPU
		{8F43E589-272C-4971-937D-A861230B39D5}.Debug|x64.ActiveCfg = Debug|Any CPU
		{8F43E589-272C-4971-937D-A861230B39D5}.Debug|x64.Build.0 = Debug|Any CPU
		{8F43E589-272C-4971-937D-A861230B39D5}.Debug|x86.ActiveCfg = Debug|Any CPU
		{8F43E589-272C-4971-937D-A861230B39D5}.Debug|x86.Build.0 = Debug|Any CPU
		{8F43E589-272C-4971-937D-A861230B39D5}.Release|Any CPU.ActiveCfg = Release|Any CPU
		{8F43E589-272C-4971-937D-A861230B39D5}.Release|Any CPU.Build.0 = Release|Any CPU
		{8F43E589-272C-4971-937D-A861230B39D5}.Release|ARM.ActiveCfg = Release|Any CPU
		{8F43E589-272C-4971-937D-A861230B39D5}.Release|ARM.Build.0 = Release|Any CPU
		{8F43E589-272C-4971-937D-A861230B39D5}.Release|ARM64.ActiveCfg = Release|Any CPU
		{8F43E589-272C-4971-937D-A861230B39D5}.Release|ARM64.Build.0 = Release|Any CPU
		{8F43E589-272C-4971-937D-A861230B39D5}.Release|iPhone.ActiveCfg = Release|Any CPU
		{8F43E589-272C-4971-937D-A861230B39D5}.Release|iPhone.Build.0 = Release|Any CPU
		{8F43E589-272C-4971-937D-A861230B39D5}.Release|iPhoneSimulator.ActiveCfg = Release|Any CPU
		{8F43E589-272C-4971-937D-A861230B39D5}.Release|iPhoneSimulator.Build.0 = Release|Any CPU
		{8F43E589-272C-4971-937D-A861230B39D5}.Release|x64.ActiveCfg = Release|Any CPU
		{8F43E589-272C-4971-937D-A861230B39D5}.Release|x64.Build.0 = Release|Any CPU
		{8F43E589-272C-4971-937D-A861230B39D5}.Release|x86.ActiveCfg = Release|Any CPU
		{8F43E589-272C-4971-937D-A861230B39D5}.Release|x86.Build.0 = Release|Any CPU
		{A3FB8A41-B534-4BF8-875F-3E961892B57F}.Ad-Hoc|Any CPU.ActiveCfg = Debug|Any CPU
		{A3FB8A41-B534-4BF8-875F-3E961892B57F}.Ad-Hoc|Any CPU.Build.0 = Debug|Any CPU
		{A3FB8A41-B534-4BF8-875F-3E961892B57F}.Ad-Hoc|ARM.ActiveCfg = Debug|Any CPU
		{A3FB8A41-B534-4BF8-875F-3E961892B57F}.Ad-Hoc|ARM.Build.0 = Debug|Any CPU
		{A3FB8A41-B534-4BF8-875F-3E961892B57F}.Ad-Hoc|ARM64.ActiveCfg = Debug|Any CPU
		{A3FB8A41-B534-4BF8-875F-3E961892B57F}.Ad-Hoc|ARM64.Build.0 = Debug|Any CPU
		{A3FB8A41-B534-4BF8-875F-3E961892B57F}.Ad-Hoc|iPhone.ActiveCfg = Debug|Any CPU
		{A3FB8A41-B534-4BF8-875F-3E961892B57F}.Ad-Hoc|iPhone.Build.0 = Debug|Any CPU
		{A3FB8A41-B534-4BF8-875F-3E961892B57F}.Ad-Hoc|iPhoneSimulator.ActiveCfg = Debug|Any CPU
		{A3FB8A41-B534-4BF8-875F-3E961892B57F}.Ad-Hoc|iPhoneSimulator.Build.0 = Debug|Any CPU
		{A3FB8A41-B534-4BF8-875F-3E961892B57F}.Ad-Hoc|x64.ActiveCfg = Debug|Any CPU
		{A3FB8A41-B534-4BF8-875F-3E961892B57F}.Ad-Hoc|x64.Build.0 = Debug|Any CPU
		{A3FB8A41-B534-4BF8-875F-3E961892B57F}.Ad-Hoc|x86.ActiveCfg = Debug|Any CPU
		{A3FB8A41-B534-4BF8-875F-3E961892B57F}.Ad-Hoc|x86.Build.0 = Debug|Any CPU
		{A3FB8A41-B534-4BF8-875F-3E961892B57F}.AppStore|Any CPU.ActiveCfg = Debug|Any CPU
		{A3FB8A41-B534-4BF8-875F-3E961892B57F}.AppStore|Any CPU.Build.0 = Debug|Any CPU
		{A3FB8A41-B534-4BF8-875F-3E961892B57F}.AppStore|ARM.ActiveCfg = Debug|Any CPU
		{A3FB8A41-B534-4BF8-875F-3E961892B57F}.AppStore|ARM.Build.0 = Debug|Any CPU
		{A3FB8A41-B534-4BF8-875F-3E961892B57F}.AppStore|ARM64.ActiveCfg = Debug|Any CPU
		{A3FB8A41-B534-4BF8-875F-3E961892B57F}.AppStore|ARM64.Build.0 = Debug|Any CPU
		{A3FB8A41-B534-4BF8-875F-3E961892B57F}.AppStore|iPhone.ActiveCfg = Debug|Any CPU
		{A3FB8A41-B534-4BF8-875F-3E961892B57F}.AppStore|iPhone.Build.0 = Debug|Any CPU
		{A3FB8A41-B534-4BF8-875F-3E961892B57F}.AppStore|iPhoneSimulator.ActiveCfg = Debug|Any CPU
		{A3FB8A41-B534-4BF8-875F-3E961892B57F}.AppStore|iPhoneSimulator.Build.0 = Debug|Any CPU
		{A3FB8A41-B534-4BF8-875F-3E961892B57F}.AppStore|x64.ActiveCfg = Debug|Any CPU
		{A3FB8A41-B534-4BF8-875F-3E961892B57F}.AppStore|x64.Build.0 = Debug|Any CPU
		{A3FB8A41-B534-4BF8-875F-3E961892B57F}.AppStore|x86.ActiveCfg = Debug|Any CPU
		{A3FB8A41-B534-4BF8-875F-3E961892B57F}.AppStore|x86.Build.0 = Debug|Any CPU
		{A3FB8A41-B534-4BF8-875F-3E961892B57F}.Debug|Any CPU.ActiveCfg = Debug|Any CPU
		{A3FB8A41-B534-4BF8-875F-3E961892B57F}.Debug|Any CPU.Build.0 = Debug|Any CPU
		{A3FB8A41-B534-4BF8-875F-3E961892B57F}.Debug|ARM.ActiveCfg = Debug|Any CPU
		{A3FB8A41-B534-4BF8-875F-3E961892B57F}.Debug|ARM.Build.0 = Debug|Any CPU
		{A3FB8A41-B534-4BF8-875F-3E961892B57F}.Debug|ARM64.ActiveCfg = Debug|Any CPU
		{A3FB8A41-B534-4BF8-875F-3E961892B57F}.Debug|ARM64.Build.0 = Debug|Any CPU
		{A3FB8A41-B534-4BF8-875F-3E961892B57F}.Debug|iPhone.ActiveCfg = Debug|Any CPU
		{A3FB8A41-B534-4BF8-875F-3E961892B57F}.Debug|iPhone.Build.0 = Debug|Any CPU
		{A3FB8A41-B534-4BF8-875F-3E961892B57F}.Debug|iPhoneSimulator.ActiveCfg = Debug|Any CPU
		{A3FB8A41-B534-4BF8-875F-3E961892B57F}.Debug|iPhoneSimulator.Build.0 = Debug|Any CPU
		{A3FB8A41-B534-4BF8-875F-3E961892B57F}.Debug|x64.ActiveCfg = Debug|Any CPU
		{A3FB8A41-B534-4BF8-875F-3E961892B57F}.Debug|x64.Build.0 = Debug|Any CPU
		{A3FB8A41-B534-4BF8-875F-3E961892B57F}.Debug|x86.ActiveCfg = Debug|Any CPU
		{A3FB8A41-B534-4BF8-875F-3E961892B57F}.Debug|x86.Build.0 = Debug|Any CPU
		{A3FB8A41-B534-4BF8-875F-3E961892B57F}.Release|Any CPU.ActiveCfg = Release|Any CPU
		{A3FB8A41-B534-4BF8-875F-3E961892B57F}.Release|Any CPU.Build.0 = Release|Any CPU
		{A3FB8A41-B534-4BF8-875F-3E961892B57F}.Release|ARM.ActiveCfg = Release|Any CPU
		{A3FB8A41-B534-4BF8-875F-3E961892B57F}.Release|ARM.Build.0 = Release|Any CPU
		{A3FB8A41-B534-4BF8-875F-3E961892B57F}.Release|ARM64.ActiveCfg = Release|Any CPU
		{A3FB8A41-B534-4BF8-875F-3E961892B57F}.Release|ARM64.Build.0 = Release|Any CPU
		{A3FB8A41-B534-4BF8-875F-3E961892B57F}.Release|iPhone.ActiveCfg = Release|Any CPU
		{A3FB8A41-B534-4BF8-875F-3E961892B57F}.Release|iPhone.Build.0 = Release|Any CPU
		{A3FB8A41-B534-4BF8-875F-3E961892B57F}.Release|iPhoneSimulator.ActiveCfg = Release|Any CPU
		{A3FB8A41-B534-4BF8-875F-3E961892B57F}.Release|iPhoneSimulator.Build.0 = Release|Any CPU
		{A3FB8A41-B534-4BF8-875F-3E961892B57F}.Release|x64.ActiveCfg = Release|Any CPU
		{A3FB8A41-B534-4BF8-875F-3E961892B57F}.Release|x64.Build.0 = Release|Any CPU
		{A3FB8A41-B534-4BF8-875F-3E961892B57F}.Release|x86.ActiveCfg = Release|Any CPU
		{A3FB8A41-B534-4BF8-875F-3E961892B57F}.Release|x86.Build.0 = Release|Any CPU
		{A7F05505-44E0-46E7-939D-6EEEAE46CC5C}.Ad-Hoc|Any CPU.ActiveCfg = Debug|Any CPU
		{A7F05505-44E0-46E7-939D-6EEEAE46CC5C}.Ad-Hoc|Any CPU.Build.0 = Debug|Any CPU
		{A7F05505-44E0-46E7-939D-6EEEAE46CC5C}.Ad-Hoc|ARM.ActiveCfg = Debug|Any CPU
		{A7F05505-44E0-46E7-939D-6EEEAE46CC5C}.Ad-Hoc|ARM.Build.0 = Debug|Any CPU
		{A7F05505-44E0-46E7-939D-6EEEAE46CC5C}.Ad-Hoc|ARM64.ActiveCfg = Debug|Any CPU
		{A7F05505-44E0-46E7-939D-6EEEAE46CC5C}.Ad-Hoc|ARM64.Build.0 = Debug|Any CPU
		{A7F05505-44E0-46E7-939D-6EEEAE46CC5C}.Ad-Hoc|iPhone.ActiveCfg = Debug|Any CPU
		{A7F05505-44E0-46E7-939D-6EEEAE46CC5C}.Ad-Hoc|iPhone.Build.0 = Debug|Any CPU
		{A7F05505-44E0-46E7-939D-6EEEAE46CC5C}.Ad-Hoc|iPhoneSimulator.ActiveCfg = Debug|Any CPU
		{A7F05505-44E0-46E7-939D-6EEEAE46CC5C}.Ad-Hoc|iPhoneSimulator.Build.0 = Debug|Any CPU
		{A7F05505-44E0-46E7-939D-6EEEAE46CC5C}.Ad-Hoc|x64.ActiveCfg = Debug|Any CPU
		{A7F05505-44E0-46E7-939D-6EEEAE46CC5C}.Ad-Hoc|x64.Build.0 = Debug|Any CPU
		{A7F05505-44E0-46E7-939D-6EEEAE46CC5C}.Ad-Hoc|x86.ActiveCfg = Debug|Any CPU
		{A7F05505-44E0-46E7-939D-6EEEAE46CC5C}.Ad-Hoc|x86.Build.0 = Debug|Any CPU
		{A7F05505-44E0-46E7-939D-6EEEAE46CC5C}.AppStore|Any CPU.ActiveCfg = Debug|Any CPU
		{A7F05505-44E0-46E7-939D-6EEEAE46CC5C}.AppStore|Any CPU.Build.0 = Debug|Any CPU
		{A7F05505-44E0-46E7-939D-6EEEAE46CC5C}.AppStore|ARM.ActiveCfg = Debug|Any CPU
		{A7F05505-44E0-46E7-939D-6EEEAE46CC5C}.AppStore|ARM.Build.0 = Debug|Any CPU
		{A7F05505-44E0-46E7-939D-6EEEAE46CC5C}.AppStore|ARM64.ActiveCfg = Debug|Any CPU
		{A7F05505-44E0-46E7-939D-6EEEAE46CC5C}.AppStore|ARM64.Build.0 = Debug|Any CPU
		{A7F05505-44E0-46E7-939D-6EEEAE46CC5C}.AppStore|iPhone.ActiveCfg = Debug|Any CPU
		{A7F05505-44E0-46E7-939D-6EEEAE46CC5C}.AppStore|iPhone.Build.0 = Debug|Any CPU
		{A7F05505-44E0-46E7-939D-6EEEAE46CC5C}.AppStore|iPhoneSimulator.ActiveCfg = Debug|Any CPU
		{A7F05505-44E0-46E7-939D-6EEEAE46CC5C}.AppStore|iPhoneSimulator.Build.0 = Debug|Any CPU
		{A7F05505-44E0-46E7-939D-6EEEAE46CC5C}.AppStore|x64.ActiveCfg = Debug|Any CPU
		{A7F05505-44E0-46E7-939D-6EEEAE46CC5C}.AppStore|x64.Build.0 = Debug|Any CPU
		{A7F05505-44E0-46E7-939D-6EEEAE46CC5C}.AppStore|x86.ActiveCfg = Debug|Any CPU
		{A7F05505-44E0-46E7-939D-6EEEAE46CC5C}.AppStore|x86.Build.0 = Debug|Any CPU
		{A7F05505-44E0-46E7-939D-6EEEAE46CC5C}.Debug|Any CPU.ActiveCfg = Debug|Any CPU
		{A7F05505-44E0-46E7-939D-6EEEAE46CC5C}.Debug|Any CPU.Build.0 = Debug|Any CPU
		{A7F05505-44E0-46E7-939D-6EEEAE46CC5C}.Debug|ARM.ActiveCfg = Debug|Any CPU
		{A7F05505-44E0-46E7-939D-6EEEAE46CC5C}.Debug|ARM.Build.0 = Debug|Any CPU
		{A7F05505-44E0-46E7-939D-6EEEAE46CC5C}.Debug|ARM64.ActiveCfg = Debug|Any CPU
		{A7F05505-44E0-46E7-939D-6EEEAE46CC5C}.Debug|ARM64.Build.0 = Debug|Any CPU
		{A7F05505-44E0-46E7-939D-6EEEAE46CC5C}.Debug|iPhone.ActiveCfg = Debug|Any CPU
		{A7F05505-44E0-46E7-939D-6EEEAE46CC5C}.Debug|iPhone.Build.0 = Debug|Any CPU
		{A7F05505-44E0-46E7-939D-6EEEAE46CC5C}.Debug|iPhoneSimulator.ActiveCfg = Debug|Any CPU
		{A7F05505-44E0-46E7-939D-6EEEAE46CC5C}.Debug|iPhoneSimulator.Build.0 = Debug|Any CPU
		{A7F05505-44E0-46E7-939D-6EEEAE46CC5C}.Debug|x64.ActiveCfg = Debug|Any CPU
		{A7F05505-44E0-46E7-939D-6EEEAE46CC5C}.Debug|x64.Build.0 = Debug|Any CPU
		{A7F05505-44E0-46E7-939D-6EEEAE46CC5C}.Debug|x86.ActiveCfg = Debug|Any CPU
		{A7F05505-44E0-46E7-939D-6EEEAE46CC5C}.Debug|x86.Build.0 = Debug|Any CPU
		{A7F05505-44E0-46E7-939D-6EEEAE46CC5C}.Release|Any CPU.ActiveCfg = Release|Any CPU
		{A7F05505-44E0-46E7-939D-6EEEAE46CC5C}.Release|Any CPU.Build.0 = Release|Any CPU
		{A7F05505-44E0-46E7-939D-6EEEAE46CC5C}.Release|ARM.ActiveCfg = Release|Any CPU
		{A7F05505-44E0-46E7-939D-6EEEAE46CC5C}.Release|ARM.Build.0 = Release|Any CPU
		{A7F05505-44E0-46E7-939D-6EEEAE46CC5C}.Release|ARM64.ActiveCfg = Release|Any CPU
		{A7F05505-44E0-46E7-939D-6EEEAE46CC5C}.Release|ARM64.Build.0 = Release|Any CPU
		{A7F05505-44E0-46E7-939D-6EEEAE46CC5C}.Release|iPhone.ActiveCfg = Release|Any CPU
		{A7F05505-44E0-46E7-939D-6EEEAE46CC5C}.Release|iPhone.Build.0 = Release|Any CPU
		{A7F05505-44E0-46E7-939D-6EEEAE46CC5C}.Release|iPhoneSimulator.ActiveCfg = Release|Any CPU
		{A7F05505-44E0-46E7-939D-6EEEAE46CC5C}.Release|iPhoneSimulator.Build.0 = Release|Any CPU
		{A7F05505-44E0-46E7-939D-6EEEAE46CC5C}.Release|x64.ActiveCfg = Release|Any CPU
		{A7F05505-44E0-46E7-939D-6EEEAE46CC5C}.Release|x64.Build.0 = Release|Any CPU
		{A7F05505-44E0-46E7-939D-6EEEAE46CC5C}.Release|x86.ActiveCfg = Release|Any CPU
		{A7F05505-44E0-46E7-939D-6EEEAE46CC5C}.Release|x86.Build.0 = Release|Any CPU
		{A9A28B3A-69FA-4E4E-AE27-BA2AC5D69496}.Ad-Hoc|Any CPU.ActiveCfg = Debug|Any CPU
		{A9A28B3A-69FA-4E4E-AE27-BA2AC5D69496}.Ad-Hoc|Any CPU.Build.0 = Debug|Any CPU
		{A9A28B3A-69FA-4E4E-AE27-BA2AC5D69496}.Ad-Hoc|ARM.ActiveCfg = Debug|Any CPU
		{A9A28B3A-69FA-4E4E-AE27-BA2AC5D69496}.Ad-Hoc|ARM.Build.0 = Debug|Any CPU
		{A9A28B3A-69FA-4E4E-AE27-BA2AC5D69496}.Ad-Hoc|ARM64.ActiveCfg = Debug|Any CPU
		{A9A28B3A-69FA-4E4E-AE27-BA2AC5D69496}.Ad-Hoc|ARM64.Build.0 = Debug|Any CPU
		{A9A28B3A-69FA-4E4E-AE27-BA2AC5D69496}.Ad-Hoc|iPhone.ActiveCfg = Debug|Any CPU
		{A9A28B3A-69FA-4E4E-AE27-BA2AC5D69496}.Ad-Hoc|iPhone.Build.0 = Debug|Any CPU
		{A9A28B3A-69FA-4E4E-AE27-BA2AC5D69496}.Ad-Hoc|iPhoneSimulator.ActiveCfg = Debug|Any CPU
		{A9A28B3A-69FA-4E4E-AE27-BA2AC5D69496}.Ad-Hoc|iPhoneSimulator.Build.0 = Debug|Any CPU
		{A9A28B3A-69FA-4E4E-AE27-BA2AC5D69496}.Ad-Hoc|x64.ActiveCfg = Debug|Any CPU
		{A9A28B3A-69FA-4E4E-AE27-BA2AC5D69496}.Ad-Hoc|x64.Build.0 = Debug|Any CPU
		{A9A28B3A-69FA-4E4E-AE27-BA2AC5D69496}.Ad-Hoc|x86.ActiveCfg = Debug|Any CPU
		{A9A28B3A-69FA-4E4E-AE27-BA2AC5D69496}.Ad-Hoc|x86.Build.0 = Debug|Any CPU
		{A9A28B3A-69FA-4E4E-AE27-BA2AC5D69496}.AppStore|Any CPU.ActiveCfg = Debug|Any CPU
		{A9A28B3A-69FA-4E4E-AE27-BA2AC5D69496}.AppStore|Any CPU.Build.0 = Debug|Any CPU
		{A9A28B3A-69FA-4E4E-AE27-BA2AC5D69496}.AppStore|ARM.ActiveCfg = Debug|Any CPU
		{A9A28B3A-69FA-4E4E-AE27-BA2AC5D69496}.AppStore|ARM.Build.0 = Debug|Any CPU
		{A9A28B3A-69FA-4E4E-AE27-BA2AC5D69496}.AppStore|ARM64.ActiveCfg = Debug|Any CPU
		{A9A28B3A-69FA-4E4E-AE27-BA2AC5D69496}.AppStore|ARM64.Build.0 = Debug|Any CPU
		{A9A28B3A-69FA-4E4E-AE27-BA2AC5D69496}.AppStore|iPhone.ActiveCfg = Debug|Any CPU
		{A9A28B3A-69FA-4E4E-AE27-BA2AC5D69496}.AppStore|iPhone.Build.0 = Debug|Any CPU
		{A9A28B3A-69FA-4E4E-AE27-BA2AC5D69496}.AppStore|iPhoneSimulator.ActiveCfg = Debug|Any CPU
		{A9A28B3A-69FA-4E4E-AE27-BA2AC5D69496}.AppStore|iPhoneSimulator.Build.0 = Debug|Any CPU
		{A9A28B3A-69FA-4E4E-AE27-BA2AC5D69496}.AppStore|x64.ActiveCfg = Debug|Any CPU
		{A9A28B3A-69FA-4E4E-AE27-BA2AC5D69496}.AppStore|x64.Build.0 = Debug|Any CPU
		{A9A28B3A-69FA-4E4E-AE27-BA2AC5D69496}.AppStore|x86.ActiveCfg = Debug|Any CPU
		{A9A28B3A-69FA-4E4E-AE27-BA2AC5D69496}.AppStore|x86.Build.0 = Debug|Any CPU
		{A9A28B3A-69FA-4E4E-AE27-BA2AC5D69496}.Debug|Any CPU.ActiveCfg = Debug|Any CPU
		{A9A28B3A-69FA-4E4E-AE27-BA2AC5D69496}.Debug|Any CPU.Build.0 = Debug|Any CPU
		{A9A28B3A-69FA-4E4E-AE27-BA2AC5D69496}.Debug|ARM.ActiveCfg = Debug|Any CPU
		{A9A28B3A-69FA-4E4E-AE27-BA2AC5D69496}.Debug|ARM.Build.0 = Debug|Any CPU
		{A9A28B3A-69FA-4E4E-AE27-BA2AC5D69496}.Debug|ARM64.ActiveCfg = Debug|Any CPU
		{A9A28B3A-69FA-4E4E-AE27-BA2AC5D69496}.Debug|ARM64.Build.0 = Debug|Any CPU
		{A9A28B3A-69FA-4E4E-AE27-BA2AC5D69496}.Debug|iPhone.ActiveCfg = Debug|Any CPU
		{A9A28B3A-69FA-4E4E-AE27-BA2AC5D69496}.Debug|iPhone.Build.0 = Debug|Any CPU
		{A9A28B3A-69FA-4E4E-AE27-BA2AC5D69496}.Debug|iPhoneSimulator.ActiveCfg = Debug|Any CPU
		{A9A28B3A-69FA-4E4E-AE27-BA2AC5D69496}.Debug|iPhoneSimulator.Build.0 = Debug|Any CPU
		{A9A28B3A-69FA-4E4E-AE27-BA2AC5D69496}.Debug|x64.ActiveCfg = Debug|Any CPU
		{A9A28B3A-69FA-4E4E-AE27-BA2AC5D69496}.Debug|x64.Build.0 = Debug|Any CPU
		{A9A28B3A-69FA-4E4E-AE27-BA2AC5D69496}.Debug|x86.ActiveCfg = Debug|Any CPU
		{A9A28B3A-69FA-4E4E-AE27-BA2AC5D69496}.Debug|x86.Build.0 = Debug|Any CPU
		{A9A28B3A-69FA-4E4E-AE27-BA2AC5D69496}.Release|Any CPU.ActiveCfg = Release|Any CPU
		{A9A28B3A-69FA-4E4E-AE27-BA2AC5D69496}.Release|Any CPU.Build.0 = Release|Any CPU
		{A9A28B3A-69FA-4E4E-AE27-BA2AC5D69496}.Release|ARM.ActiveCfg = Release|Any CPU
		{A9A28B3A-69FA-4E4E-AE27-BA2AC5D69496}.Release|ARM.Build.0 = Release|Any CPU
		{A9A28B3A-69FA-4E4E-AE27-BA2AC5D69496}.Release|ARM64.ActiveCfg = Release|Any CPU
		{A9A28B3A-69FA-4E4E-AE27-BA2AC5D69496}.Release|ARM64.Build.0 = Release|Any CPU
		{A9A28B3A-69FA-4E4E-AE27-BA2AC5D69496}.Release|iPhone.ActiveCfg = Release|Any CPU
		{A9A28B3A-69FA-4E4E-AE27-BA2AC5D69496}.Release|iPhone.Build.0 = Release|Any CPU
		{A9A28B3A-69FA-4E4E-AE27-BA2AC5D69496}.Release|iPhoneSimulator.ActiveCfg = Release|Any CPU
		{A9A28B3A-69FA-4E4E-AE27-BA2AC5D69496}.Release|iPhoneSimulator.Build.0 = Release|Any CPU
		{A9A28B3A-69FA-4E4E-AE27-BA2AC5D69496}.Release|x64.ActiveCfg = Release|Any CPU
		{A9A28B3A-69FA-4E4E-AE27-BA2AC5D69496}.Release|x64.Build.0 = Release|Any CPU
		{A9A28B3A-69FA-4E4E-AE27-BA2AC5D69496}.Release|x86.ActiveCfg = Release|Any CPU
		{A9A28B3A-69FA-4E4E-AE27-BA2AC5D69496}.Release|x86.Build.0 = Release|Any CPU
	EndGlobalSection
	GlobalSection(SolutionProperties) = preSolution
		HideSolutionNode = FALSE
	EndGlobalSection
	GlobalSection(NestedProjects) = preSolution
		{BF87E013-3080-46C3-A089-79159ECAFF63} = {777235FF-073F-4FA9-B010-1CDF0F2AA159}
		{C7B06045-F68C-447C-98C8-80F6F45B6315} = {777235FF-073F-4FA9-B010-1CDF0F2AA159}
		{9A3D0CC2-C6E0-455A-841C-62E82F1DA388} = {777235FF-073F-4FA9-B010-1CDF0F2AA159}
		{F4CE730B-0C19-4970-A0E8-7AC992CB423C} = {777235FF-073F-4FA9-B010-1CDF0F2AA159}
		{3773B66F-5BD1-4D0F-966C-12ACDBD916BB} = {777235FF-073F-4FA9-B010-1CDF0F2AA159}
		{A4C74228-A7FF-4829-9045-66E9E6136DB9} = {777235FF-073F-4FA9-B010-1CDF0F2AA159}
		{8F43E589-272C-4971-937D-A861230B39D5} = {777235FF-073F-4FA9-B010-1CDF0F2AA159}
		{A3FB8A41-B534-4BF8-875F-3E961892B57F} = {777235FF-073F-4FA9-B010-1CDF0F2AA159}
		{A7F05505-44E0-46E7-939D-6EEEAE46CC5C} = {777235FF-073F-4FA9-B010-1CDF0F2AA159}
	EndGlobalSection
	GlobalSection(ExtensibilityGlobals) = postSolution
		SolutionGuid = {755BC6CF-F7D5-47E4-BE92-98CC32C1FA98}
	EndGlobalSection
EndGlobal
